
Microsoft Visual Studio Solution File, Format Version 12.00
# Visual Studio Version 17
VisualStudioVersion = 17.9.34902.65
MinimumVisualStudioVersion = 10.0.40219.1
Project("{FAE04EC0-301F-11D3-BF4B-00C04F79EFBC}") = "WorldTour", "WorldTour.csproj", "{1D931739-F69C-489C-9203-4635B21762FE}"
EndProject
Global
	GlobalSection(SolutionConfigurationPlatforms) = preSolution
		Debug|Any CPU = Debug|Any CPU
		Release|Any CPU = Release|Any CPU
	EndGlobalSection
	GlobalSection(ProjectConfigurationPlatforms) = postSolution
		{1D931739-F69C-489C-9203-4635B21762FE}.Debug|Any CPU.ActiveCfg = Debug|Any CPU
		{1D931739-F69C-489C-9203-4635B21762FE}.Debug|Any CPU.Build.0 = Debug|Any CPU
		{1D931739-F69C-489C-9203-4635B21762FE}.Release|Any CPU.ActiveCfg = Release|Any CPU
		{1D931739-F69C-489C-9203-4635B21762FE}.Release|Any CPU.Build.0 = Release|Any CPU
	EndGlobalSection
	GlobalSection(SolutionProperties) = preSolution
		HideSolutionNode = FALSE
	EndGlobalSection
	GlobalSection(ExtensibilityGlobals) = postSolution
		SolutionGuid = {F0ED39F2-9EA4-4E99-923A-1C79CD7C8D11}
	EndGlobalSection
EndGlobal
